
Microsoft Visual Studio Solution File, Format Version 12.00
# Visual Studio Version 16
VisualStudioVersion = 16.0.29418.71
MinimumVisualStudioVersion = 10.0.40219.1
Project("{FAE04EC0-301F-11D3-BF4B-00C04F79EFBC}") = "HmacAuthentication", "HmacAuthentication\HmacAuthentication.csproj", "{223196BB-721C-430D-954C-FCA5E7BFF96F}"
EndProject
Global
	GlobalSection(SolutionConfigurationPlatforms) = preSolution
		Debug|Any CPU = Debug|Any CPU
		Release|Any CPU = Release|Any CPU
	EndGlobalSection
	GlobalSection(ProjectConfigurationPlatforms) = postSolution
		{223196BB-721C-430D-954C-FCA5E7BFF96F}.Debug|Any CPU.ActiveCfg = Debug|Any CPU
		{223196BB-721C-430D-954C-FCA5E7BFF96F}.Debug|Any CPU.Build.0 = Debug|Any CPU
		{223196BB-721C-430D-954C-FCA5E7BFF96F}.Release|Any CPU.ActiveCfg = Release|Any CPU
		{223196BB-721C-430D-954C-FCA5E7BFF96F}.Release|Any CPU.Build.0 = Release|Any CPU
	EndGlobalSection
	GlobalSection(SolutionProperties) = preSolution
		HideSolutionNode = FALSE
	EndGlobalSection
	GlobalSection(ExtensibilityGlobals) = postSolution
		SolutionGuid = {2F1769E0-1023-4055-954C-91443E9C3EEF}
	EndGlobalSection
EndGlobal
